
Microsoft Visual Studio Solution File, Format Version 12.00
# Visual Studio Version 17
VisualStudioVersion = 17.5.33627.172
MinimumVisualStudioVersion = 10.0.40219.1
Project("{9A19103F-16F7-4668-BE54-9A1E7A4F7556}") = "DataAccess", "DataAccess\DataAccess.csproj", "{02A01DA7-4EBF-44FF-9D36-47E482E8DDBB}"
EndProject
Project("{9A19103F-16F7-4668-BE54-9A1E7A4F7556}") = "Rest Api", "Rest Api\Rest Api.csproj", "{65DD893C-A86C-4819-B098-27FD84590179}"
EndProject
Project("{9A19103F-16F7-4668-BE54-9A1E7A4F7556}") = "ApiTests", "ApiTests\ApiTests.csproj", "{85D92831-FB25-4E6B-8A2B-8B8AC7EAB0A4}"
EndProject
Project("{9A19103F-16F7-4668-BE54-9A1E7A4F7556}") = "EFTests", "EFTests\EFTests.csproj", "{A9CEE2B8-5DDB-47D3-834E-D20D9691BED3}"
EndProject
Project("{9A19103F-16F7-4668-BE54-9A1E7A4F7556}") = "DataAccessInterfaces", "DataAccessInterfaces\DataAccessInterfaces.csproj", "{B086A4AC-974F-455C-976D-A5A9DB3BA238}"
EndProject
Project("{9A19103F-16F7-4668-BE54-9A1E7A4F7556}") = "BusinessLogicInterfaces", "BusinessLogicInterfaces\BusinessLogicInterfaces.csproj", "{EB96B303-EBA4-4970-9EBB-750803301FE5}"
EndProject
Project("{FAE04EC0-301F-11D3-BF4B-00C04F79EFBC}") = "Services", "Services\Services.csproj", "{57A185C2-85EC-4743-8E84-1E181873EBE9}"
EndProject
Global
	GlobalSection(SolutionConfigurationPlatforms) = preSolution
		Debug|Any CPU = Debug|Any CPU
		Release|Any CPU = Release|Any CPU
	EndGlobalSection
	GlobalSection(ProjectConfigurationPlatforms) = postSolution
		{02A01DA7-4EBF-44FF-9D36-47E482E8DDBB}.Debug|Any CPU.ActiveCfg = Debug|Any CPU
		{02A01DA7-4EBF-44FF-9D36-47E482E8DDBB}.Debug|Any CPU.Build.0 = Debug|Any CPU
		{02A01DA7-4EBF-44FF-9D36-47E482E8DDBB}.Release|Any CPU.ActiveCfg = Release|Any CPU
		{02A01DA7-4EBF-44FF-9D36-47E482E8DDBB}.Release|Any CPU.Build.0 = Release|Any CPU
		{65DD893C-A86C-4819-B098-27FD84590179}.Debug|Any CPU.ActiveCfg = Debug|Any CPU
		{65DD893C-A86C-4819-B098-27FD84590179}.Debug|Any CPU.Build.0 = Debug|Any CPU
		{65DD893C-A86C-4819-B098-27FD84590179}.Release|Any CPU.ActiveCfg = Release|Any CPU
		{65DD893C-A86C-4819-B098-27FD84590179}.Release|Any CPU.Build.0 = Release|Any CPU
		{85D92831-FB25-4E6B-8A2B-8B8AC7EAB0A4}.Debug|Any CPU.ActiveCfg = Debug|Any CPU
		{85D92831-FB25-4E6B-8A2B-8B8AC7EAB0A4}.Debug|Any CPU.Build.0 = Debug|Any CPU
		{85D92831-FB25-4E6B-8A2B-8B8AC7EAB0A4}.Release|Any CPU.ActiveCfg = Release|Any CPU
		{85D92831-FB25-4E6B-8A2B-8B8AC7EAB0A4}.Release|Any CPU.Build.0 = Release|Any CPU
		{A9CEE2B8-5DDB-47D3-834E-D20D9691BED3}.Debug|Any CPU.ActiveCfg = Debug|Any CPU
		{A9CEE2B8-5DDB-47D3-834E-D20D9691BED3}.Debug|Any CPU.Build.0 = Debug|Any CPU
		{A9CEE2B8-5DDB-47D3-834E-D20D9691BED3}.Release|Any CPU.ActiveCfg = Release|Any CPU
		{A9CEE2B8-5DDB-47D3-834E-D20D9691BED3}.Release|Any CPU.Build.0 = Release|Any CPU
		{B086A4AC-974F-455C-976D-A5A9DB3BA238}.Debug|Any CPU.ActiveCfg = Debug|Any CPU
		{B086A4AC-974F-455C-976D-A5A9DB3BA238}.Debug|Any CPU.Build.0 = Debug|Any CPU
		{B086A4AC-974F-455C-976D-A5A9DB3BA238}.Release|Any CPU.ActiveCfg = Release|Any CPU
		{B086A4AC-974F-455C-976D-A5A9DB3BA238}.Release|Any CPU.Build.0 = Release|Any CPU
		{EB96B303-EBA4-4970-9EBB-750803301FE5}.Debug|Any CPU.ActiveCfg = Debug|Any CPU
		{EB96B303-EBA4-4970-9EBB-750803301FE5}.Debug|Any CPU.Build.0 = Debug|Any CPU
		{EB96B303-EBA4-4970-9EBB-750803301FE5}.Release|Any CPU.ActiveCfg = Release|Any CPU
		{EB96B303-EBA4-4970-9EBB-750803301FE5}.Release|Any CPU.Build.0 = Release|Any CPU
		{57A185C2-85EC-4743-8E84-1E181873EBE9}.Debug|Any CPU.ActiveCfg = Debug|Any CPU
		{57A185C2-85EC-4743-8E84-1E181873EBE9}.Debug|Any CPU.Build.0 = Debug|Any CPU
		{57A185C2-85EC-4743-8E84-1E181873EBE9}.Release|Any CPU.ActiveCfg = Release|Any CPU
		{57A185C2-85EC-4743-8E84-1E181873EBE9}.Release|Any CPU.Build.0 = Release|Any CPU
	EndGlobalSection
	GlobalSection(SolutionProperties) = preSolution
		HideSolutionNode = FALSE
	EndGlobalSection
	GlobalSection(ExtensibilityGlobals) = postSolution
		SolutionGuid = {DC0BFF0D-0B1D-4C4E-8A71-0965A3C16601}
	EndGlobalSection
EndGlobal
